// !$*UTF8*$!
{
	archiveVersion = 1;
	classes = {
	};
	objectVersion = 52;
	objects = {

/* Begin PBXBuildFile section */
		846E7AA425FA93A40027BC86 /* AppDelegate.swift in Sources */ = {isa = PBXBuildFile; fileRef = 846E7AA325FA93A40027BC86 /* AppDelegate.swift */; };
		846E7AA825FA93A40027BC86 /* InitialVC.swift in Sources */ = {isa = PBXBuildFile; fileRef = 846E7AA725FA93A40027BC86 /* InitialVC.swift */; };
		846E7AAB25FA93A40027BC86 /* Main.storyboard in Resources */ = {isa = PBXBuildFile; fileRef = 846E7AA925FA93A40027BC86 /* Main.storyboard */; };
		846E7AAD25FA93A70027BC86 /* Assets.xcassets in Resources */ = {isa = PBXBuildFile; fileRef = 846E7AAC25FA93A70027BC86 /* Assets.xcassets */; };
		846E7AB025FA93A70027BC86 /* LaunchScreen.storyboard in Resources */ = {isa = PBXBuildFile; fileRef = 846E7AAE25FA93A70027BC86 /* LaunchScreen.storyboard */; };
		846E7ABA25FA93CD0027BC86 /* swiftPackageNetworkDemo in Frameworks */ = {isa = PBXBuildFile; productRef = 846E7AB925FA93CD0027BC86 /* swiftPackageNetworkDemo */; };
/* End PBXBuildFile section */

/* Begin PBXFileReference section */
		846E7AA025FA93A40027BC86 /* PracticalDemoSwiftPackage.app */ = {isa = PBXFileReference; explicitFileType = wrapper.application; includeInIndex = 0; path = PracticalDemoSwiftPackage.app; sourceTree = BUILT_PRODUCTS_DIR; };
		846E7AA325FA93A40027BC86 /* AppDelegate.swift */ = {isa = PBXFileReference; lastKnownFileType = sourcecode.swift; path = AppDelegate.swift; sourceTree = "<group>"; };
		846E7AA725FA93A40027BC86 /* InitialVC.swift */ = {isa = PBXFileReference; lastKnownFileType = sourcecode.swift; path = InitialVC.swift; sourceTree = "<group>"; };
		846E7AAA25FA93A40027BC86 /* Base */ = {isa = PBXFileReference; lastKnownFileType = file.storyboard; name = Base; path = Base.lproj/Main.storyboard; sourceTree = "<group>"; };
		846E7AAC25FA93A70027BC86 /* Assets.xcassets */ = {isa = PBXFileReference; lastKnownFileType = folder.assetcatalog; path = Assets.xcassets; sourceTree = "<group>"; };
		846E7AAF25FA93A70027BC86 /* Base */ = {isa = PBXFileReference; lastKnownFileType = file.storyboard; name = Base; path = Base.lproj/LaunchScreen.storyboard; sourceTree = "<group>"; };
		846E7AB125FA93A70027BC86 /* Info.plist */ = {isa = PBXFileReference; lastKnownFileType = text.plist.xml; path = Info.plist; sourceTree = "<group>"; };
/* End PBXFileReference section */

/* Begin PBXFrameworksBuildPhase section */
		846E7A9D25FA93A40027BC86 /* Frameworks */ = {
			isa = PBXFrameworksBuildPhase;
			buildActionMask = 2147483647;
			files = (
				846E7ABA25FA93CD0027BC86 /* swiftPackageNetworkDemo in Frameworks */,
			);
			runOnlyForDeploymentPostprocessing = 0;
		};
/* End PBXFrameworksBuildPhase section */

/* Begin PBXGroup section */
		846E7A9725FA93A40027BC86 = {
			isa = PBXGroup;
			children = (
				846E7AA225FA93A40027BC86 /* PracticalDemoSwiftPackage */,
				846E7AA125FA93A40027BC86 /* Products */,
			);
			sourceTree = "<group>";
		};
		846E7AA125FA93A40027BC86 /* Products */ = {
			isa = PBXGroup;
			children = (
				846E7AA025FA93A40027BC86 /* PracticalDemoSwiftPackage.app */,
			);
			name = Products;
			sourceTree = "<group>";
		};
		846E7AA225FA93A40027BC86 /* PracticalDemoSwiftPackage */ = {
			isa = PBXGroup;
			children = (
				846E7AA325FA93A40027BC86 /* AppDelegate.swift */,
				846E7AA725FA93A40027BC86 /* InitialVC.swift */,
				846E7AA925FA93A40027BC86 /* Main.storyboard */,
				846E7AAC25FA93A70027BC86 /* Assets.xcassets */,
				846E7AAE25FA93A70027BC86 /* LaunchScreen.storyboard */,
				846E7AB125FA93A70027BC86 /* Info.plist */,
			);
			path = PracticalDemoSwiftPackage;
			sourceTree = "<group>";
		};
/* End PBXGroup section */

/* Begin PBXNativeTarget section */
		846E7A9F25FA93A40027BC86 /* PracticalDemoSwiftPackage */ = {
			isa = PBXNativeTarget;
			buildConfigurationList = 846E7AB425FA93A70027BC86 /* Build configuration list for PBXNativeTarget "PracticalDemoSwiftPackage" */;
			buildPhases = (
				846E7A9C25FA93A40027BC86 /* Sources */,
				846E7A9D25FA93A40027BC86 /* Frameworks */,
				846E7A9E25FA93A40027BC86 /* Resources */,
			);
			buildRules = (
			);
			dependencies = (
			);
			name = PracticalDemoSwiftPackage;
			packageProductDependencies = (
				846E7AB925FA93CD0027BC86 /* swiftPackageNetworkDemo */,
			);
			productName = PracticalDemoSwiftPackage;
			productReference = 846E7AA025FA93A40027BC86 /* PracticalDemoSwiftPackage.app */;
			productType = "com.apple.product-type.application";
		};
/* End PBXNativeTarget section */

/* Begin PBXProject section */
		846E7A9825FA93A40027BC86 /* Project object */ = {
			isa = PBXProject;
			attributes = {
				LastSwiftUpdateCheck = 1210;
				LastUpgradeCheck = 1210;
				TargetAttributes = {
					846E7A9F25FA93A40027BC86 = {
						CreatedOnToolsVersion = 12.1;
					};
				};
			};
			buildConfigurationList = 846E7A9B25FA93A40027BC86 /* Build configuration list for PBXProject "PracticalDemoSwiftPackage" */;
			compatibilityVersion = "Xcode 9.3";
			developmentRegion = en;
			hasScannedForEncodings = 0;
			knownRegions = (
				en,
				Base,
			);
			mainGroup = 846E7A9725FA93A40027BC86;
			packageReferences = (
				846E7AB825FA93CD0027BC86 /* XCRemoteSwiftPackageReference "swiftPackageNetworkDemo" */,
			);
			productRefGroup = 846E7AA125FA93A40027BC86 /* Products */;
			projectDirPath = "";
			projectRoot = "";
			targets = (
				846E7A9F25FA93A40027BC86 /* PracticalDemoSwiftPackage */,
			);
		};
/* End PBXProject section */

/* Begin PBXResourcesBuildPhase section */
		846E7A9E25FA93A40027BC86 /* Resources */ = {
			isa = PBXResourcesBuildPhase;
			buildActionMask = 2147483647;
			files = (
				846E7AB025FA93A70027BC86 /* LaunchScreen.storyboard in Resources */,
				846E7AAD25FA93A70027BC86 /* Assets.xcassets in Resources */,
				846E7AAB25FA93A40027BC86 /* Main.storyboard in Resources */,
			);
			runOnlyForDeploymentPostprocessing = 0;
		};
/* End PBXResourcesBuildPhase section */

/* Begin PBXSourcesBuildPhase section */
		846E7A9C25FA93A40027BC86 /* Sources */ = {
			isa = PBXSourcesBuildPhase;
			buildActionMask = 2147483647;
			files = (
				846E7AA825FA93A40027BC86 /* InitialVC.swift in Sources */,
				846E7AA425FA93A40027BC86 /* AppDelegate.swift in Sources */,
			);
			runOnlyForDeploymentPostprocessing = 0;
		};
/* End PBXSourcesBuildPhase section */

/* Begin PBXVariantGroup section */
		846E7AA925FA93A40027BC86 /* Main.storyboard */ = {
			isa = PBXVariantGroup;
			children = (
				846E7AAA25FA93A40027BC86 /* Base */,
			);
			name = Main.storyboard;
			sourceTree = "<group>";
		};
		846E7AAE25FA93A70027BC86 /* LaunchScreen.storyboard */ = {
			isa = PBXVariantGroup;
			children = (
				846E7AAF25FA93A70027BC86 /* Base */,
			);
			name = LaunchScreen.storyboard;
			sourceTree = "<group>";
		};
/* End PBXVariantGroup section */

/* Begin XCBuildConfiguration section */
		846E7AB225FA93A70027BC86 /* Debug */ = {
			isa = XCBuildConfiguration;
			buildSettings = {
				ALWAYS_SEARCH_USER_PATHS = NO;
				CLANG_ANALYZER_NONNULL = YES;
				CLANG_ANALYZER_NUMBER_OBJECT_CONVERSION = YES_AGGRESSIVE;
				CLANG_CXX_LANGUAGE_STANDARD = "gnu++14";
				CLANG_CXX_LIBRARY = "libc++";
				CLANG_ENABLE_MODULES = YES;
				CLANG_ENABLE_OBJC_ARC = YES;
				CLANG_ENABLE_OBJC_WEAK = YES;
				CLANG_WARN_BLOCK_CAPTURE_AUTORELEASING = YES;
				CLANG_WARN_BOOL_CONVERSION = YES;
				CLANG_WARN_COMMA = YES;
				CLANG_WARN_CONSTANT_CONVERSION = YES;
				CLANG_WARN_DEPRECATED_OBJC_IMPLEMENTATIONS = YES;
				CLANG_WARN_DIRECT_OBJC_ISA_USAGE = YES_ERROR;
				CLANG_WARN_DOCUMENTATION_COMMENTS = YES;
				CLANG_WARN_EMPTY_BODY = YES;
				CLANG_WARN_ENUM_CONVERSION = YES;
				CLANG_WARN_INFINITE_RECURSION = YES;
				CLANG_WARN_INT_CONVERSION = YES;
				CLANG_WARN_NON_LITERAL_NULL_CONVERSION = YES;
				CLANG_WARN_OBJC_IMPLICIT_RETAIN_SELF = YES;
				CLANG_WARN_OBJC_LITERAL_CONVERSION = YES;
				CLANG_WARN_OBJC_ROOT_CLASS = YES_ERROR;
				CLANG_WARN_QUOTED_INCLUDE_IN_FRAMEWORK_HEADER = YES;
				CLANG_WARN_RANGE_LOOP_ANALYSIS = YES;
				CLANG_WARN_STRICT_PROTOTYPES = YES;
				CLANG_WARN_SUSPICIOUS_MOVE = YES;
				CLANG_WARN_UNGUARDED_AVAILABILITY = YES_AGGRESSIVE;
				CLANG_WARN_UNREACHABLE_CODE = YES;
				CLANG_WARN__DUPLICATE_METHOD_MATCH = YES;
				COPY_PHASE_STRIP = NO;
				DEBUG_INFORMATION_FORMAT = dwarf;
				ENABLE_STRICT_OBJC_MSGSEND = YES;
				ENABLE_TESTABILITY = YES;
				GCC_C_LANGUAGE_STANDARD = gnu11;
				GCC_DYNAMIC_NO_PIC = NO;
				GCC_NO_COMMON_BLOCKS = YES;
				GCC_OPTIMIZATION_LEVEL = 0;
				GCC_PREPROCESSOR_DEFINITIONS = (
					"DEBUG=1",
					"$(inherited)",
				);
				GCC_WARN_64_TO_32_BIT_CONVERSION = YES;
				GCC_WARN_ABOUT_RETURN_TYPE = YES_ERROR;
				GCC_WARN_UNDECLARED_SELECTOR = YES;
				GCC_WARN_UNINITIALIZED_AUTOS = YES_AGGRESSIVE;
				GCC_WARN_UNUSED_FUNCTION = YES;
				GCC_WARN_UNUSED_VARIABLE = YES;
				IPHONEOS_DEPLOYMENT_TARGET = 14.1;
				MTL_ENABLE_DEBUG_INFO = INCLUDE_SOURCE;
				MTL_FAST_MATH = YES;
				ONLY_ACTIVE_ARCH = YES;
				SDKROOT = iphoneos;
				SWIFT_ACTIVE_COMPILATION_CONDITIONS = DEBUG;
				SWIFT_OPTIMIZATION_LEVEL = "-Onone";
			};
			name = Debug;
		};
		846E7AB325FA93A70027BC86 /* Release */ = {
			isa = XCBuildConfiguration;
			buildSettings = {
				ALWAYS_SEARCH_USER_PATHS = NO;
				CLANG_ANALYZER_NONNULL = YES;
				CLANG_ANALYZER_NUMBER_OBJECT_CONVERSION = YES_AGGRESSIVE;
				CLANG_CXX_LANGUAGE_STANDARD = "gnu++14";
				CLANG_CXX_LIBRARY = "libc++";
				CLANG_ENABLE_MODULES = YES;
				CLANG_ENABLE_OBJC_ARC = YES;
				CLANG_ENABLE_OBJC_WEAK = YES;
				CLANG_WARN_BLOCK_CAPTURE_AUTORELEASING = YES;
				CLANG_WARN_BOOL_CONVERSION = YES;
				CLANG_WARN_COMMA = YES;
				CLANG_WARN_CONSTANT_CONVERSION = YES;
				CLANG_WARN_DEPRECATED_OBJC_IMPLEMENTATIONS = YES;
				CLANG_WARN_DIRECT_OBJC_ISA_USAGE = YES_ERROR;
				CLANG_WARN_DOCUMENTATION_COMMENTS = YES;
				CLANG_WARN_EMPTY_BODY = YES;
				CLANG_WARN_ENUM_CONVERSION = YES;
				CLANG_WARN_INFINITE_RECURSION = YES;
				CLANG_WARN_INT_CONVERSION = YES;
				CLANG_WARN_NON_LITERAL_NULL_CONVERSION = YES;
				CLANG_WARN_OBJC_IMPLICIT_RETAIN_SELF = YES;
				CLANG_WARN_OBJC_LITERAL_CONVERSION = YES;
				CLANG_WARN_OBJC_ROOT_CLASS = YES_ERROR;
				CLANG_WARN_QUOTED_INCLUDE_IN_FRAMEWORK_HEADER = YES;
				CLANG_WARN_RANGE_LOOP_ANALYSIS = YES;
				CLANG_WARN_STRICT_PROTOTYPES = YES;
				CLANG_WARN_SUSPICIOUS_MOVE = YES;
				CLANG_WARN_UNGUARDED_AVAILABILITY = YES_AGGRESSIVE;
				CLANG_WARN_UNREACHABLE_CODE = YES;
				CLANG_WARN__DUPLICATE_METHOD_MATCH = YES;
				COPY_PHASE_STRIP = NO;
				DEBUG_INFORMATION_FORMAT = "dwarf-with-dsym";
				ENABLE_NS_ASSERTIONS = NO;
				ENABLE_STRICT_OBJC_MSGSEND = YES;
				GCC_C_LANGUAGE_STANDARD = gnu11;
				GCC_NO_COMMON_BLOCKS = YES;
				GCC_WARN_64_TO_32_BIT_CONVERSION = YES;
				GCC_WARN_ABOUT_RETURN_TYPE = YES_ERROR;
				GCC_WARN_UNDECLARED_SELECTOR = YES;
				GCC_WARN_UNINITIALIZED_AUTOS = YES_AGGRESSIVE;
				GCC_WARN_UNUSED_FUNCTION = YES;
				GCC_WARN_UNUSED_VARIABLE = YES;
				IPHONEOS_DEPLOYMENT_TARGET = 14.1;
				MTL_ENABLE_DEBUG_INFO = NO;
				MTL_FAST_MATH = YES;
				SDKROOT = iphoneos;
				SWIFT_COMPILATION_MODE = wholemodule;
				SWIFT_OPTIMIZATION_LEVEL = "-O";
				VALIDATE_PRODUCT = YES;
			};
			name = Release;
		};
		846E7AB525FA93A70027BC86 /* Debug */ = {
			isa = XCBuildConfiguration;
			buildSettings = {
				ASSETCATALOG_COMPILER_APPICON_NAME = AppIcon;
				ASSETCATALOG_COMPILER_GLOBAL_ACCENT_COLOR_NAME = AccentColor;
				CODE_SIGN_STYLE = Automatic;
				DEVELOPMENT_TEAM = 97287C24MX;
				INFOPLIST_FILE = PracticalDemoSwiftPackage/Info.plist;
				IPHONEOS_DEPLOYMENT_TARGET = 12.0;
				LD_RUNPATH_SEARCH_PATHS = (
					"$(inherited)",
					"@executable_path/Frameworks",
				);
				PRODUCT_BUNDLE_IDENTIFIER = com.eqWorks.PracticalDemoSwiftPackage;
				PRODUCT_NAME = "$(TARGET_NAME)";
				SWIFT_VERSION = 5.0;
				TARGETED_DEVICE_FAMILY = "1,2";
			};
			name = Debug;
		};
		846E7AB625FA93A70027BC86 /* Release */ = {
			isa = XCBuildConfiguration;
			buildSettings = {
				ASSETCATALOG_COMPILER_APPICON_NAME = AppIcon;
				ASSETCATALOG_COMPILER_GLOBAL_ACCENT_COLOR_NAME = AccentColor;
				CODE_SIGN_STYLE = Automatic;
				DEVELOPMENT_TEAM = 97287C24MX;
				INFOPLIST_FILE = PracticalDemoSwiftPackage/Info.plist;
				IPHONEOS_DEPLOYMENT_TARGET = 12.0;
				LD_RUNPATH_SEARCH_PATHS = (
					"$(inherited)",
					"@executable_path/Frameworks",
				);
				PRODUCT_BUNDLE_IDENTIFIER = com.eqWorks.PracticalDemoSwiftPackage;
				PRODUCT_NAME = "$(TARGET_NAME)";
				SWIFT_VERSION = 5.0;
				TARGETED_DEVICE_FAMILY = "1,2";
			};
			name = Release;
		};
/* End XCBuildConfiguration section */

/* Begin XCConfigurationList section */
		846E7A9B25FA93A40027BC86 /* Build configuration list for PBXProject "PracticalDemoSwiftPackage" */ = {
			isa = XCConfigurationList;
			buildConfigurations = (
				846E7AB225FA93A70027BC86 /* Debug */,
				846E7AB325FA93A70027BC86 /* Release */,
			);
			defaultConfigurationIsVisible = 0;
			defaultConfigurationName = Release;
		};
		846E7AB425FA93A70027BC86 /* Build configuration list for PBXNativeTarget "PracticalDemoSwiftPackage" */ = {
			isa = XCConfigurationList;
			buildConfigurations = (
				846E7AB525FA93A70027BC86 /* Debug */,
				846E7AB625FA93A70027BC86 /* Release */,
			);
			defaultConfigurationIsVisible = 0;
			defaultConfigurationName = Release;
		};
/* End XCConfigurationList section */

/* Begin XCRemoteSwiftPackageReference section */
		846E7AB825FA93CD0027BC86 /* XCRemoteSwiftPackageReference "swiftPackageNetworkDemo" */ = {
			isa = XCRemoteSwiftPackageReference;
			repositoryURL = "https://github.com/yasinMultani/swiftPackageNetworkDemo.git";
			requirement = {
				kind = upToNextMajorVersion;
				minimumVersion = 1.0.4;
			};
		};
/* End XCRemoteSwiftPackageReference section */

/* Begin XCSwiftPackageProductDependency section */
		846E7AB925FA93CD0027BC86 /* swiftPackageNetworkDemo */ = {
			isa = XCSwiftPackageProductDependency;
			package = 846E7AB825FA93CD0027BC86 /* XCRemoteSwiftPackageReference "swiftPackageNetworkDemo" */;
			productName = swiftPackageNetworkDemo;
		};
/* End XCSwiftPackageProductDependency section */
	};
	rootObject = 846E7A9825FA93A40027BC86 /* Project object */;
}
